
Microsoft Visual Studio Solution File, Format Version 12.00
# Visual Studio Version 17
VisualStudioVersion = 17.14.36616.10
MinimumVisualStudioVersion = 10.0.40219.1
Project("{FAE04EC0-301F-11D3-BF4B-00C04F79EFBC}") = "AlessandroGozzi.BookECommerce.SharedKernel", "AlessandroGozzi.BookECommerce.SharedKernel\AlessandroGozzi.BookECommerce.SharedKernel.csproj", "{C9E5DCA4-9728-4A4F-BAF2-08CFE8423C90}"
EndProject
Project("{FAE04EC0-301F-11D3-BF4B-00C04F79EFBC}") = "AlessandroGozzi.BookECommerce.Domain", "AlessandroGozzi-BookECommerce.Domain\AlessandroGozzi.BookECommerce.Domain.csproj", "{44BBD259-57E9-48D8-8F62-7467CE83C254}"
EndProject
Project("{FAE04EC0-301F-11D3-BF4B-00C04F79EFBC}") = "AlessandroGozzi.BookECommerce.DomainTests", "AlessandroGozzi.BookECommerce.DomainTests\AlessandroGozzi.BookECommerce.DomainTests.csproj", "{E24D101F-9A0B-4788-B12E-D4CC41DA87B2}"
EndProject
Project("{FAE04EC0-301F-11D3-BF4B-00C04F79EFBC}") = "AlessandroGozzi.BookECommerce.Application", "AlessandroGozzi.BookECommerce.Application\AlessandroGozzi.BookECommerce.Application.csproj", "{41F0BB16-964F-49A9-B540-FAD056A43327}"
EndProject
Project("{2150E333-8FDC-42A3-9474-1A3956D46DE8}") = "src", "src", "{6C83A596-D32D-B35F-00DD-F0C99B673980}"
EndProject
Project("{2150E333-8FDC-42A3-9474-1A3956D46DE8}") = "docs", "docs", "{61D12A6A-F82A-4A39-9BC3-1B09F90F3FFB}"
EndProject
Project("{2150E333-8FDC-42A3-9474-1A3956D46DE8}") = "test", "test", "{98E5C7B7-D278-4840-9695-DF8E3E424FBC}"
EndProject
Project("{FAE04EC0-301F-11D3-BF4B-00C04F79EFBC}") = "AlessandroGozzi.BookECommerce.Infrastructure", "AlessandroGozzi.BookECommerce.Infrastructure\AlessandroGozzi.BookECommerce.Infrastructure.csproj", "{CB24C430-09BF-4DFF-94D7-48813E8CC8E0}"
EndProject
Project("{FAE04EC0-301F-11D3-BF4B-00C04F79EFBC}") = "AlessandroGozzi.BookECommerce.WPF", "AlessandroGozzi.BookECommerce.WPF\AlessandroGozzi.BookECommerce.WPF.csproj", "{1A320485-B75A-4BA1-A909-62093405DF53}"
EndProject
Project("{2150E333-8FDC-42A3-9474-1A3956D46DE8}") = "authToken", "authToken", "{9DF70304-0A22-CE1E-AA12-D5904EE55694}"
	ProjectSection(SolutionItems) = preProject
		Directory.Build.targets = Directory.Build.targets
	EndProjectSection
EndProject
Global
	GlobalSection(SolutionConfigurationPlatforms) = preSolution
		Debug|Any CPU = Debug|Any CPU
		Release|Any CPU = Release|Any CPU
	EndGlobalSection
	GlobalSection(ProjectConfigurationPlatforms) = postSolution
		{C9E5DCA4-9728-4A4F-BAF2-08CFE8423C90}.Debug|Any CPU.ActiveCfg = Debug|Any CPU
		{C9E5DCA4-9728-4A4F-BAF2-08CFE8423C90}.Debug|Any CPU.Build.0 = Debug|Any CPU
		{C9E5DCA4-9728-4A4F-BAF2-08CFE8423C90}.Release|Any CPU.ActiveCfg = Release|Any CPU
		{C9E5DCA4-9728-4A4F-BAF2-08CFE8423C90}.Release|Any CPU.Build.0 = Release|Any CPU
		{44BBD259-57E9-48D8-8F62-7467CE83C254}.Debug|Any CPU.ActiveCfg = Debug|Any CPU
		{44BBD259-57E9-48D8-8F62-7467CE83C254}.Debug|Any CPU.Build.0 = Debug|Any CPU
		{44BBD259-57E9-48D8-8F62-7467CE83C254}.Release|Any CPU.ActiveCfg = Release|Any CPU
		{44BBD259-57E9-48D8-8F62-7467CE83C254}.Release|Any CPU.Build.0 = Release|Any CPU
		{E24D101F-9A0B-4788-B12E-D4CC41DA87B2}.Debug|Any CPU.ActiveCfg = Debug|Any CPU
		{E24D101F-9A0B-4788-B12E-D4CC41DA87B2}.Debug|Any CPU.Build.0 = Debug|Any CPU
		{E24D101F-9A0B-4788-B12E-D4CC41DA87B2}.Release|Any CPU.ActiveCfg = Release|Any CPU
		{E24D101F-9A0B-4788-B12E-D4CC41DA87B2}.Release|Any CPU.Build.0 = Release|Any CPU
		{41F0BB16-964F-49A9-B540-FAD056A43327}.Debug|Any CPU.ActiveCfg = Debug|Any CPU
		{41F0BB16-964F-49A9-B540-FAD056A43327}.Debug|Any CPU.Build.0 = Debug|Any CPU
		{41F0BB16-964F-49A9-B540-FAD056A43327}.Release|Any CPU.ActiveCfg = Release|Any CPU
		{41F0BB16-964F-49A9-B540-FAD056A43327}.Release|Any CPU.Build.0 = Release|Any CPU
		{CB24C430-09BF-4DFF-94D7-48813E8CC8E0}.Debug|Any CPU.ActiveCfg = Debug|Any CPU
		{CB24C430-09BF-4DFF-94D7-48813E8CC8E0}.Debug|Any CPU.Build.0 = Debug|Any CPU
		{CB24C430-09BF-4DFF-94D7-48813E8CC8E0}.Release|Any CPU.ActiveCfg = Release|Any CPU
		{CB24C430-09BF-4DFF-94D7-48813E8CC8E0}.Release|Any CPU.Build.0 = Release|Any CPU
		{1A320485-B75A-4BA1-A909-62093405DF53}.Debug|Any CPU.ActiveCfg = Debug|Any CPU
		{1A320485-B75A-4BA1-A909-62093405DF53}.Debug|Any CPU.Build.0 = Debug|Any CPU
		{1A320485-B75A-4BA1-A909-62093405DF53}.Release|Any CPU.ActiveCfg = Release|Any CPU
		{1A320485-B75A-4BA1-A909-62093405DF53}.Release|Any CPU.Build.0 = Release|Any CPU
	EndGlobalSection
	GlobalSection(SolutionProperties) = preSolution
		HideSolutionNode = FALSE
	EndGlobalSection
	GlobalSection(NestedProjects) = preSolution
		{C9E5DCA4-9728-4A4F-BAF2-08CFE8423C90} = {6C83A596-D32D-B35F-00DD-F0C99B673980}
		{44BBD259-57E9-48D8-8F62-7467CE83C254} = {6C83A596-D32D-B35F-00DD-F0C99B673980}
		{E24D101F-9A0B-4788-B12E-D4CC41DA87B2} = {98E5C7B7-D278-4840-9695-DF8E3E424FBC}
		{41F0BB16-964F-49A9-B540-FAD056A43327} = {6C83A596-D32D-B35F-00DD-F0C99B673980}
		{CB24C430-09BF-4DFF-94D7-48813E8CC8E0} = {6C83A596-D32D-B35F-00DD-F0C99B673980}
		{1A320485-B75A-4BA1-A909-62093405DF53} = {6C83A596-D32D-B35F-00DD-F0C99B673980}
	EndGlobalSection
	GlobalSection(ExtensibilityGlobals) = postSolution
		SolutionGuid = {0B371027-0D82-4B54-BA3B-E9E5675483F4}
	EndGlobalSection
EndGlobal
